
Microsoft Visual Studio Solution File, Format Version 11.00
# Visual Studio 2010
Project("{FAE04EC0-301F-11D3-BF4B-00C04F79EFBC}") = "ChalkTicTacToe", "ChalkTicTacToe\ChalkTicTacToe\ChalkTicTacToe.csproj", "{C7E0D8ED-A8F0-407A-AD5A-9D2891EA7B4B}"
EndProject
Project("{96E2B04D-8817-42C6-938A-82C39BA4D311}") = "ChalkTicTacToeContent", "ChalkTicTacToe\ChalkTicTacToeContent\ChalkTicTacToeContent.contentproj", "{90A79F45-1179-47B1-850E-331F25E6ECC9}"
EndProject
Global
	GlobalSection(SolutionConfigurationPlatforms) = preSolution
		Debug|x86 = Debug|x86
		Release|x86 = Release|x86
	EndGlobalSection
	GlobalSection(ProjectConfigurationPlatforms) = postSolution
		{C7E0D8ED-A8F0-407A-AD5A-9D2891EA7B4B}.Debug|x86.ActiveCfg = Debug|x86
		{C7E0D8ED-A8F0-407A-AD5A-9D2891EA7B4B}.Debug|x86.Build.0 = Debug|x86
		{C7E0D8ED-A8F0-407A-AD5A-9D2891EA7B4B}.Release|x86.ActiveCfg = Release|x86
		{C7E0D8ED-A8F0-407A-AD5A-9D2891EA7B4B}.Release|x86.Build.0 = Release|x86
		{90A79F45-1179-47B1-850E-331F25E6ECC9}.Debug|x86.ActiveCfg = Debug|x86
		{90A79F45-1179-47B1-850E-331F25E6ECC9}.Release|x86.ActiveCfg = Release|x86
	EndGlobalSection
	GlobalSection(SolutionProperties) = preSolution
		HideSolutionNode = FALSE
	EndGlobalSection
EndGlobal
